
Microsoft Visual Studio Solution File, Format Version 12.00
# Visual Studio Version 17
VisualStudioVersion = 17.0.31611.283
MinimumVisualStudioVersion = 10.0.40219.1
Project("{9A19103F-16F7-4668-BE54-9A1E7A4F7556}") = "LocalhostMAUI", "LocalhostMAUI\LocalhostMAUI.csproj", "{37C1095D-119F-4F66-92BF-E4D8937E8500}"
EndProject
Project("{FAE04EC0-301F-11D3-BF4B-00C04F79EFBC}") = "LocalhostMAUI.Api", "LocalhostMAUI.Api\LocalhostMAUI.Api.csproj", "{BF74DAA4-A7FC-4199-8E89-DFEAB541C4EC}"
EndProject
Global
	GlobalSection(SolutionConfigurationPlatforms) = preSolution
		Debug|Any CPU = Debug|Any CPU
		Release|Any CPU = Release|Any CPU
	EndGlobalSection
	GlobalSection(ProjectConfigurationPlatforms) = postSolution
		{37C1095D-119F-4F66-92BF-E4D8937E8500}.Debug|Any CPU.ActiveCfg = Debug|Any CPU
		{37C1095D-119F-4F66-92BF-E4D8937E8500}.Debug|Any CPU.Build.0 = Debug|Any CPU
		{37C1095D-119F-4F66-92BF-E4D8937E8500}.Debug|Any CPU.Deploy.0 = Debug|Any CPU
		{37C1095D-119F-4F66-92BF-E4D8937E8500}.Release|Any CPU.ActiveCfg = Release|Any CPU
		{37C1095D-119F-4F66-92BF-E4D8937E8500}.Release|Any CPU.Build.0 = Release|Any CPU
		{37C1095D-119F-4F66-92BF-E4D8937E8500}.Release|Any CPU.Deploy.0 = Release|Any CPU
		{BF74DAA4-A7FC-4199-8E89-DFEAB541C4EC}.Debug|Any CPU.ActiveCfg = Debug|Any CPU
		{BF74DAA4-A7FC-4199-8E89-DFEAB541C4EC}.Debug|Any CPU.Build.0 = Debug|Any CPU
		{BF74DAA4-A7FC-4199-8E89-DFEAB541C4EC}.Release|Any CPU.ActiveCfg = Release|Any CPU
		{BF74DAA4-A7FC-4199-8E89-DFEAB541C4EC}.Release|Any CPU.Build.0 = Release|Any CPU
	EndGlobalSection
	GlobalSection(SolutionProperties) = preSolution
		HideSolutionNode = FALSE
	EndGlobalSection
	GlobalSection(ExtensibilityGlobals) = postSolution
		SolutionGuid = {61F7FB11-1E47-470C-91E2-47F8143E1572}
	EndGlobalSection
EndGlobal
